
Microsoft Visual Studio Solution File, Format Version 12.00
# Visual Studio Version 17
VisualStudioVersion = 17.5.33502.453
MinimumVisualStudioVersion = 10.0.40219.1
Project("{FAE04EC0-301F-11D3-BF4B-00C04F79EFBC}") = "ONNXAPI", "ONNXAPI.csproj", "{478D6183-FD3D-450C-BF7E-76C5A65B6D16}"
EndProject
Global
	GlobalSection(SolutionConfigurationPlatforms) = preSolution
		Debug|Any CPU = Debug|Any CPU
		Release|Any CPU = Release|Any CPU
	EndGlobalSection
	GlobalSection(ProjectConfigurationPlatforms) = postSolution
		{478D6183-FD3D-450C-BF7E-76C5A65B6D16}.Debug|Any CPU.ActiveCfg = Debug|Any CPU
		{478D6183-FD3D-450C-BF7E-76C5A65B6D16}.Debug|Any CPU.Build.0 = Debug|Any CPU
		{478D6183-FD3D-450C-BF7E-76C5A65B6D16}.Release|Any CPU.ActiveCfg = Release|Any CPU
		{478D6183-FD3D-450C-BF7E-76C5A65B6D16}.Release|Any CPU.Build.0 = Release|Any CPU
	EndGlobalSection
	GlobalSection(SolutionProperties) = preSolution
		HideSolutionNode = FALSE
	EndGlobalSection
	GlobalSection(ExtensibilityGlobals) = postSolution
		SolutionGuid = {05E8143A-0D03-46F1-A820-FD66EE4E66F6}
	EndGlobalSection
EndGlobal
